
Microsoft Visual Studio Solution File, Format Version 12.00
# Visual Studio Version 17
VisualStudioVersion = 17.14.36408.4 d17.14
MinimumVisualStudioVersion = 10.0.40219.1
Project("{FAE04EC0-301F-11D3-BF4B-00C04F79EFBC}") = "KaryawanApp.BlazorHybrid", "KaryawanApp.BlazorHybrid.csproj", "{5A030392-AD82-612B-28E8-1DCED39AC3FE}"
EndProject
Global
	GlobalSection(SolutionConfigurationPlatforms) = preSolution
		Debug|Any CPU = Debug|Any CPU
		Release|Any CPU = Release|Any CPU
	EndGlobalSection
	GlobalSection(ProjectConfigurationPlatforms) = postSolution
		{5A030392-AD82-612B-28E8-1DCED39AC3FE}.Debug|Any CPU.ActiveCfg = Debug|Any CPU
		{5A030392-AD82-612B-28E8-1DCED39AC3FE}.Debug|Any CPU.Build.0 = Debug|Any CPU
		{5A030392-AD82-612B-28E8-1DCED39AC3FE}.Release|Any CPU.ActiveCfg = Release|Any CPU
		{5A030392-AD82-612B-28E8-1DCED39AC3FE}.Release|Any CPU.Build.0 = Release|Any CPU
	EndGlobalSection
	GlobalSection(SolutionProperties) = preSolution
		HideSolutionNode = FALSE
	EndGlobalSection
	GlobalSection(ExtensibilityGlobals) = postSolution
		SolutionGuid = {2BCDB0BE-2CB4-4ED7-8982-A1BC664DF9A5}
	EndGlobalSection
EndGlobal
